
Microsoft Visual Studio Solution File, Format Version 12.00
# Visual Studio Version 16
VisualStudioVersion = 16.0.31205.134
MinimumVisualStudioVersion = 10.0.40219.1
Project("{FAE04EC0-301F-11D3-BF4B-00C04F79EFBC}") = "Labo1", "Labo1.csproj", "{C3F6C30F-C180-4D84-99DC-566F3DBE6BE6}"
EndProject
Global
	GlobalSection(SolutionConfigurationPlatforms) = preSolution
		Debug|Any CPU = Debug|Any CPU
		Release|Any CPU = Release|Any CPU
	EndGlobalSection
	GlobalSection(ProjectConfigurationPlatforms) = postSolution
		{C3F6C30F-C180-4D84-99DC-566F3DBE6BE6}.Debug|Any CPU.ActiveCfg = Debug|Any CPU
		{C3F6C30F-C180-4D84-99DC-566F3DBE6BE6}.Debug|Any CPU.Build.0 = Debug|Any CPU
		{C3F6C30F-C180-4D84-99DC-566F3DBE6BE6}.Release|Any CPU.ActiveCfg = Release|Any CPU
		{C3F6C30F-C180-4D84-99DC-566F3DBE6BE6}.Release|Any CPU.Build.0 = Release|Any CPU
	EndGlobalSection
	GlobalSection(SolutionProperties) = preSolution
		HideSolutionNode = FALSE
	EndGlobalSection
	GlobalSection(ExtensibilityGlobals) = postSolution
		SolutionGuid = {413391C5-7856-4F14-9381-E176989AD83F}
	EndGlobalSection
EndGlobal
